{
    "name": "node-red-contrib-buienradar",
    "version": "0.2.2",
    "lockfileVersion": 1,
    "requires": true,
    "dependencies": {
        "xmldom": {
            "version": "0.1.22",
            "resolved": "https://registry.npmjs.org/xmldom/-/xmldom-0.1.22.tgz",
            "integrity": "sha1-EN5OXpZJgfA8jMcvrcCNFLbDqiY="
        },
        "xpath": {
            "version": "0.0.23",
            "resolved": "https://registry.npmjs.org/xpath/-/xpath-0.0.23.tgz",
            "integrity": "sha1-9ej9xr3H5yiFsyNPQMuiZpWAqvo="
        }
    }
}
